
Microsoft Visual Studio Solution File, Format Version 12.00
# Visual Studio Version 16
VisualStudioVersion = 16.0.29509.3
MinimumVisualStudioVersion = 10.0.40219.1
Project("{FAE04EC0-301F-11D3-BF4B-00C04F79EFBC}") = "Cadastro de Pessoas", "Cadastro de Pessoas.csproj", "{B6044518-F413-4A96-B8DC-2C8033AB3A42}"
EndProject
Global
	GlobalSection(SolutionConfigurationPlatforms) = preSolution
		Debug|Any CPU = Debug|Any CPU
		Release|Any CPU = Release|Any CPU
	EndGlobalSection
	GlobalSection(ProjectConfigurationPlatforms) = postSolution
		{B6044518-F413-4A96-B8DC-2C8033AB3A42}.Debug|Any CPU.ActiveCfg = Debug|Any CPU
		{B6044518-F413-4A96-B8DC-2C8033AB3A42}.Debug|Any CPU.Build.0 = Debug|Any CPU
		{B6044518-F413-4A96-B8DC-2C8033AB3A42}.Release|Any CPU.ActiveCfg = Release|Any CPU
		{B6044518-F413-4A96-B8DC-2C8033AB3A42}.Release|Any CPU.Build.0 = Release|Any CPU
	EndGlobalSection
	GlobalSection(SolutionProperties) = preSolution
		HideSolutionNode = FALSE
	EndGlobalSection
	GlobalSection(ExtensibilityGlobals) = postSolution
		SolutionGuid = {85C83881-03A9-48DD-A49A-AE7B1EA355F0}
	EndGlobalSection
EndGlobal
